
Microsoft Visual Studio Solution File, Format Version 12.00
# Visual Studio Version 17
VisualStudioVersion = 17.14.36109.1
MinimumVisualStudioVersion = 10.0.40219.1
Project("{FAE04EC0-301F-11D3-BF4B-00C04F79EFBC}") = "GeminiTranslateExplain", "GeminiTranslateExplain\GeminiTranslateExplain.csproj", "{66BE9F1D-158C-45D2-82DC-5C016132BD74}"
EndProject
Global
	GlobalSection(SolutionConfigurationPlatforms) = preSolution
		Debug|Any CPU = Debug|Any CPU
		Release|Any CPU = Release|Any CPU
	EndGlobalSection
	GlobalSection(ProjectConfigurationPlatforms) = postSolution
		{66BE9F1D-158C-45D2-82DC-5C016132BD74}.Debug|Any CPU.ActiveCfg = Debug|Any CPU
		{66BE9F1D-158C-45D2-82DC-5C016132BD74}.Debug|Any CPU.Build.0 = Debug|Any CPU
		{66BE9F1D-158C-45D2-82DC-5C016132BD74}.Release|Any CPU.ActiveCfg = Release|Any CPU
		{66BE9F1D-158C-45D2-82DC-5C016132BD74}.Release|Any CPU.Build.0 = Release|Any CPU
	EndGlobalSection
	GlobalSection(SolutionProperties) = preSolution
		HideSolutionNode = FALSE
	EndGlobalSection
	GlobalSection(ExtensibilityGlobals) = postSolution
		SolutionGuid = {65C10911-8BA9-4C19-88EC-B13E5E655239}
	EndGlobalSection
EndGlobal
